
Microsoft Visual Studio Solution File, Format Version 12.00
# Visual Studio Version 17
VisualStudioVersion = 17.5.33516.290
MinimumVisualStudioVersion = 10.0.40219.1
Project("{FAE04EC0-301F-11D3-BF4B-00C04F79EFBC}") = "WEEK9-10_PROJECT", "WEEK9-10_PROJECT\WEEK9-10_PROJECT.csproj", "{EBAEF844-83F9-4FDE-8F2E-F0B49695267C}"
EndProject
Project("{00D1A9C2-B5F0-4AF3-8072-F6C62B433612}") = "PROJECT", "PROJECT\PROJECT.sqlproj", "{9F2BA553-2B1C-4E77-8DCB-B8426403FD9C}"
EndProject
Global
	GlobalSection(SolutionConfigurationPlatforms) = preSolution
		Debug|Any CPU = Debug|Any CPU
		Release|Any CPU = Release|Any CPU
	EndGlobalSection
	GlobalSection(ProjectConfigurationPlatforms) = postSolution
		{EBAEF844-83F9-4FDE-8F2E-F0B49695267C}.Debug|Any CPU.ActiveCfg = Debug|Any CPU
		{EBAEF844-83F9-4FDE-8F2E-F0B49695267C}.Debug|Any CPU.Build.0 = Debug|Any CPU
		{EBAEF844-83F9-4FDE-8F2E-F0B49695267C}.Release|Any CPU.ActiveCfg = Release|Any CPU
		{EBAEF844-83F9-4FDE-8F2E-F0B49695267C}.Release|Any CPU.Build.0 = Release|Any CPU
		{9F2BA553-2B1C-4E77-8DCB-B8426403FD9C}.Debug|Any CPU.ActiveCfg = Debug|Any CPU
		{9F2BA553-2B1C-4E77-8DCB-B8426403FD9C}.Debug|Any CPU.Build.0 = Debug|Any CPU
		{9F2BA553-2B1C-4E77-8DCB-B8426403FD9C}.Debug|Any CPU.Deploy.0 = Debug|Any CPU
		{9F2BA553-2B1C-4E77-8DCB-B8426403FD9C}.Release|Any CPU.ActiveCfg = Release|Any CPU
		{9F2BA553-2B1C-4E77-8DCB-B8426403FD9C}.Release|Any CPU.Build.0 = Release|Any CPU
		{9F2BA553-2B1C-4E77-8DCB-B8426403FD9C}.Release|Any CPU.Deploy.0 = Release|Any CPU
	EndGlobalSection
	GlobalSection(SolutionProperties) = preSolution
		HideSolutionNode = FALSE
	EndGlobalSection
	GlobalSection(ExtensibilityGlobals) = postSolution
		SolutionGuid = {14805577-C640-4064-A508-07FCF059A72C}
	EndGlobalSection
EndGlobal
